
Microsoft Visual Studio Solution File, Format Version 12.00
# Visual Studio Version 17
VisualStudioVersion = 17.5.002.0
MinimumVisualStudioVersion = 10.0.40219.1
Project("{9A19103F-16F7-4668-BE54-9A1E7A4F7556}") = "Construtores", "Construtores.csproj", "{C5E5C4CA-1943-4516-9002-E2EBBCAD546B}"
EndProject
Global
	GlobalSection(SolutionConfigurationPlatforms) = preSolution
		Debug|Any CPU = Debug|Any CPU
		Release|Any CPU = Release|Any CPU
	EndGlobalSection
	GlobalSection(ProjectConfigurationPlatforms) = postSolution
		{C5E5C4CA-1943-4516-9002-E2EBBCAD546B}.Debug|Any CPU.ActiveCfg = Debug|Any CPU
		{C5E5C4CA-1943-4516-9002-E2EBBCAD546B}.Debug|Any CPU.Build.0 = Debug|Any CPU
		{C5E5C4CA-1943-4516-9002-E2EBBCAD546B}.Release|Any CPU.ActiveCfg = Release|Any CPU
		{C5E5C4CA-1943-4516-9002-E2EBBCAD546B}.Release|Any CPU.Build.0 = Release|Any CPU
	EndGlobalSection
	GlobalSection(SolutionProperties) = preSolution
		HideSolutionNode = FALSE
	EndGlobalSection
	GlobalSection(ExtensibilityGlobals) = postSolution
		SolutionGuid = {5CF3C063-722A-47E2-887B-576964E836B9}
	EndGlobalSection
EndGlobal
