
Microsoft Visual Studio Solution File, Format Version 12.00
# Visual Studio Version 17
VisualStudioVersion = 17.5.002.0
MinimumVisualStudioVersion = 10.0.40219.1
Project("{9A19103F-16F7-4668-BE54-9A1E7A4F7556}") = "ClasseObjeto", "ClasseObjeto\ClasseObjeto.csproj", "{5E07646D-7F32-4B14-94F4-B09CA5180BB9}"
EndProject
Global
	GlobalSection(SolutionConfigurationPlatforms) = preSolution
		Debug|Any CPU = Debug|Any CPU
		Release|Any CPU = Release|Any CPU
	EndGlobalSection
	GlobalSection(ProjectConfigurationPlatforms) = postSolution
		{5E07646D-7F32-4B14-94F4-B09CA5180BB9}.Debug|Any CPU.ActiveCfg = Debug|Any CPU
		{5E07646D-7F32-4B14-94F4-B09CA5180BB9}.Debug|Any CPU.Build.0 = Debug|Any CPU
		{5E07646D-7F32-4B14-94F4-B09CA5180BB9}.Release|Any CPU.ActiveCfg = Release|Any CPU
		{5E07646D-7F32-4B14-94F4-B09CA5180BB9}.Release|Any CPU.Build.0 = Release|Any CPU
	EndGlobalSection
	GlobalSection(SolutionProperties) = preSolution
		HideSolutionNode = FALSE
	EndGlobalSection
	GlobalSection(ExtensibilityGlobals) = postSolution
		SolutionGuid = {102B8BFF-4808-4FAE-9959-5DA9B8B3E051}
	EndGlobalSection
EndGlobal
